// !$*UTF8*$!
{
	archiveVersion = 1;
	classes = {
	};
	objectVersion = 56;
	objects = {

/* Begin PBXBuildFile section */
		A0A4D618291C06C9004ECB2A /* CountriesDataService.swift in Sources */ = {isa = PBXBuildFile; fileRef = A0A4D617291C06C9004ECB2A /* CountriesDataService.swift */; };
		A0A4D61D291C0748004ECB2A /* CountryModel.swift in Sources */ = {isa = PBXBuildFile; fileRef = A0A4D61C291C0748004ECB2A /* CountryModel.swift */; };
		A0A4D61F291C1FFF004ECB2A /* CountryViewModel.swift in Sources */ = {isa = PBXBuildFile; fileRef = A0A4D61E291C1FFF004ECB2A /* CountryViewModel.swift */; };
		A0ABFFEA291CE43100E2E4C1 /* Country.swift in Sources */ = {isa = PBXBuildFile; fileRef = A0ABFFE9291CE43100E2E4C1 /* Country.swift */; };
		A0ABFFF3291D06FB00E2E4C1 /* MapViewModel.swift in Sources */ = {isa = PBXBuildFile; fileRef = A0ABFFF2291D06FB00E2E4C1 /* MapViewModel.swift */; };
		A0ABFFF7291D107000E2E4C1 /* CountryMapAnnotationView.swift in Sources */ = {isa = PBXBuildFile; fileRef = A0ABFFF6291D106F00E2E4C1 /* CountryMapAnnotationView.swift */; };
		A0ABFFF9291D125900E2E4C1 /* CountryPreviewView.swift in Sources */ = {isa = PBXBuildFile; fileRef = A0ABFFF8291D125900E2E4C1 /* CountryPreviewView.swift */; };
		A0ABFFFB291D1E9800E2E4C1 /* CountryDetailView.swift in Sources */ = {isa = PBXBuildFile; fileRef = A0ABFFFA291D1E9800E2E4C1 /* CountryDetailView.swift */; };
		A0B2FC5D291B101900AF0DDB /* GeoCodeApp.swift in Sources */ = {isa = PBXBuildFile; fileRef = A0B2FC5C291B101900AF0DDB /* GeoCodeApp.swift */; };
		A0B2FC5F291B101900AF0DDB /* MapView.swift in Sources */ = {isa = PBXBuildFile; fileRef = A0B2FC5E291B101900AF0DDB /* MapView.swift */; };
		A0B2FC61291B101B00AF0DDB /* Assets.xcassets in Resources */ = {isa = PBXBuildFile; fileRef = A0B2FC60291B101B00AF0DDB /* Assets.xcassets */; };
		A0B2FC64291B101B00AF0DDB /* Preview Assets.xcassets in Resources */ = {isa = PBXBuildFile; fileRef = A0B2FC63291B101B00AF0DDB /* Preview Assets.xcassets */; };
/* End PBXBuildFile section */

/* Begin PBXFileReference section */
		A0A4D617291C06C9004ECB2A /* CountriesDataService.swift */ = {isa = PBXFileReference; lastKnownFileType = sourcecode.swift; path = CountriesDataService.swift; sourceTree = "<group>"; };
		A0A4D61C291C0748004ECB2A /* CountryModel.swift */ = {isa = PBXFileReference; lastKnownFileType = sourcecode.swift; path = CountryModel.swift; sourceTree = "<group>"; };
		A0A4D61E291C1FFF004ECB2A /* CountryViewModel.swift */ = {isa = PBXFileReference; lastKnownFileType = sourcecode.swift; path = CountryViewModel.swift; sourceTree = "<group>"; };
		A0ABFFE9291CE43100E2E4C1 /* Country.swift */ = {isa = PBXFileReference; lastKnownFileType = sourcecode.swift; path = Country.swift; sourceTree = "<group>"; };
		A0ABFFF2291D06FB00E2E4C1 /* MapViewModel.swift */ = {isa = PBXFileReference; lastKnownFileType = sourcecode.swift; path = MapViewModel.swift; sourceTree = "<group>"; };
		A0ABFFF6291D106F00E2E4C1 /* CountryMapAnnotationView.swift */ = {isa = PBXFileReference; lastKnownFileType = sourcecode.swift; path = CountryMapAnnotationView.swift; sourceTree = "<group>"; };
		A0ABFFF8291D125900E2E4C1 /* CountryPreviewView.swift */ = {isa = PBXFileReference; lastKnownFileType = sourcecode.swift; path = CountryPreviewView.swift; sourceTree = "<group>"; };
		A0ABFFFA291D1E9800E2E4C1 /* CountryDetailView.swift */ = {isa = PBXFileReference; lastKnownFileType = sourcecode.swift; path = CountryDetailView.swift; sourceTree = "<group>"; };
		A0ABFFFC291D28DD00E2E4C1 /* README.md */ = {isa = PBXFileReference; lastKnownFileType = net.daringfireball.markdown; path = README.md; sourceTree = "<group>"; };
		A0B2FC59291B101900AF0DDB /* GeoCode.app */ = {isa = PBXFileReference; explicitFileType = wrapper.application; includeInIndex = 0; path = GeoCode.app; sourceTree = BUILT_PRODUCTS_DIR; };
		A0B2FC5C291B101900AF0DDB /* GeoCodeApp.swift */ = {isa = PBXFileReference; lastKnownFileType = sourcecode.swift; path = GeoCodeApp.swift; sourceTree = "<group>"; };
		A0B2FC5E291B101900AF0DDB /* MapView.swift */ = {isa = PBXFileReference; lastKnownFileType = sourcecode.swift; path = MapView.swift; sourceTree = "<group>"; };
		A0B2FC60291B101B00AF0DDB /* Assets.xcassets */ = {isa = PBXFileReference; lastKnownFileType = folder.assetcatalog; path = Assets.xcassets; sourceTree = "<group>"; };
		A0B2FC63291B101B00AF0DDB /* Preview Assets.xcassets */ = {isa = PBXFileReference; lastKnownFileType = folder.assetcatalog; path = "Preview Assets.xcassets"; sourceTree = "<group>"; };
/* End PBXFileReference section */

/* Begin PBXFrameworksBuildPhase section */
		A0B2FC56291B101900AF0DDB /* Frameworks */ = {
			isa = PBXFrameworksBuildPhase;
			buildActionMask = 2147483647;
			files = (
			);
			runOnlyForDeploymentPostprocessing = 0;
		};
/* End PBXFrameworksBuildPhase section */

/* Begin PBXGroup section */
		A0A4D616291C06AC004ECB2A /* Services */ = {
			isa = PBXGroup;
			children = (
				A0A4D617291C06C9004ECB2A /* CountriesDataService.swift */,
			);
			path = Services;
			sourceTree = "<group>";
		};
		A0A4D619291C0705004ECB2A /* Views */ = {
			isa = PBXGroup;
			children = (
				A0B2FC5E291B101900AF0DDB /* MapView.swift */,
				A0ABFFF6291D106F00E2E4C1 /* CountryMapAnnotationView.swift */,
				A0ABFFF8291D125900E2E4C1 /* CountryPreviewView.swift */,
				A0ABFFFA291D1E9800E2E4C1 /* CountryDetailView.swift */,
			);
			path = Views;
			sourceTree = "<group>";
		};
		A0A4D61A291C070D004ECB2A /* ViewModel */ = {
			isa = PBXGroup;
			children = (
				A0A4D61E291C1FFF004ECB2A /* CountryViewModel.swift */,
				A0ABFFF2291D06FB00E2E4C1 /* MapViewModel.swift */,
			);
			path = ViewModel;
			sourceTree = "<group>";
		};
		A0A4D61B291C071F004ECB2A /* Model */ = {
			isa = PBXGroup;
			children = (
				A0A4D61C291C0748004ECB2A /* CountryModel.swift */,
				A0ABFFE9291CE43100E2E4C1 /* Country.swift */,
			);
			path = Model;
			sourceTree = "<group>";
		};
		A0B2FC50291B101900AF0DDB = {
			isa = PBXGroup;
			children = (
				A0ABFFFC291D28DD00E2E4C1 /* README.md */,
				A0B2FC5B291B101900AF0DDB /* GeoCode */,
				A0B2FC5A291B101900AF0DDB /* Products */,
			);
			sourceTree = "<group>";
		};
		A0B2FC5A291B101900AF0DDB /* Products */ = {
			isa = PBXGroup;
			children = (
				A0B2FC59291B101900AF0DDB /* GeoCode.app */,
			);
			name = Products;
			sourceTree = "<group>";
		};
		A0B2FC5B291B101900AF0DDB /* GeoCode */ = {
			isa = PBXGroup;
			children = (
				A0A4D616291C06AC004ECB2A /* Services */,
				A0A4D61B291C071F004ECB2A /* Model */,
				A0A4D61A291C070D004ECB2A /* ViewModel */,
				A0A4D619291C0705004ECB2A /* Views */,
				A0B2FC5C291B101900AF0DDB /* GeoCodeApp.swift */,
				A0B2FC60291B101B00AF0DDB /* Assets.xcassets */,
				A0B2FC62291B101B00AF0DDB /* Preview Content */,
			);
			path = GeoCode;
			sourceTree = "<group>";
		};
		A0B2FC62291B101B00AF0DDB /* Preview Content */ = {
			isa = PBXGroup;
			children = (
				A0B2FC63291B101B00AF0DDB /* Preview Assets.xcassets */,
			);
			path = "Preview Content";
			sourceTree = "<group>";
		};
/* End PBXGroup section */

/* Begin PBXNativeTarget section */
		A0B2FC58291B101900AF0DDB /* GeoCode */ = {
			isa = PBXNativeTarget;
			buildConfigurationList = A0B2FC67291B101B00AF0DDB /* Build configuration list for PBXNativeTarget "GeoCode" */;
			buildPhases = (
				A0B2FC55291B101900AF0DDB /* Sources */,
				A0B2FC56291B101900AF0DDB /* Frameworks */,
				A0B2FC57291B101900AF0DDB /* Resources */,
			);
			buildRules = (
			);
			dependencies = (
			);
			name = GeoCode;
			productName = GeoCode;
			productReference = A0B2FC59291B101900AF0DDB /* GeoCode.app */;
			productType = "com.apple.product-type.application";
		};
/* End PBXNativeTarget section */

/* Begin PBXProject section */
		A0B2FC51291B101900AF0DDB /* Project object */ = {
			isa = PBXProject;
			attributes = {
				BuildIndependentTargetsInParallel = 1;
				LastSwiftUpdateCheck = 1400;
				LastUpgradeCheck = 1400;
				TargetAttributes = {
					A0B2FC58291B101900AF0DDB = {
						CreatedOnToolsVersion = 14.0.1;
					};
				};
			};
			buildConfigurationList = A0B2FC54291B101900AF0DDB /* Build configuration list for PBXProject "GeoCode" */;
			compatibilityVersion = "Xcode 14.0";
			developmentRegion = en;
			hasScannedForEncodings = 0;
			knownRegions = (
				en,
				Base,
			);
			mainGroup = A0B2FC50291B101900AF0DDB;
			productRefGroup = A0B2FC5A291B101900AF0DDB /* Products */;
			projectDirPath = "";
			projectRoot = "";
			targets = (
				A0B2FC58291B101900AF0DDB /* GeoCode */,
			);
		};
/* End PBXProject section */

/* Begin PBXResourcesBuildPhase section */
		A0B2FC57291B101900AF0DDB /* Resources */ = {
			isa = PBXResourcesBuildPhase;
			buildActionMask = 2147483647;
			files = (
				A0B2FC64291B101B00AF0DDB /* Preview Assets.xcassets in Resources */,
				A0B2FC61291B101B00AF0DDB /* Assets.xcassets in Resources */,
			);
			runOnlyForDeploymentPostprocessing = 0;
		};
/* End PBXResourcesBuildPhase section */

/* Begin PBXSourcesBuildPhase section */
		A0B2FC55291B101900AF0DDB /* Sources */ = {
			isa = PBXSourcesBuildPhase;
			buildActionMask = 2147483647;
			files = (
				A0A4D618291C06C9004ECB2A /* CountriesDataService.swift in Sources */,
				A0ABFFF7291D107000E2E4C1 /* CountryMapAnnotationView.swift in Sources */,
				A0B2FC5F291B101900AF0DDB /* MapView.swift in Sources */,
				A0ABFFF9291D125900E2E4C1 /* CountryPreviewView.swift in Sources */,
				A0ABFFFB291D1E9800E2E4C1 /* CountryDetailView.swift in Sources */,
				A0A4D61D291C0748004ECB2A /* CountryModel.swift in Sources */,
				A0B2FC5D291B101900AF0DDB /* GeoCodeApp.swift in Sources */,
				A0ABFFF3291D06FB00E2E4C1 /* MapViewModel.swift in Sources */,
				A0A4D61F291C1FFF004ECB2A /* CountryViewModel.swift in Sources */,
				A0ABFFEA291CE43100E2E4C1 /* Country.swift in Sources */,
			);
			runOnlyForDeploymentPostprocessing = 0;
		};
/* End PBXSourcesBuildPhase section */

/* Begin XCBuildConfiguration section */
		A0B2FC65291B101B00AF0DDB /* Debug */ = {
			isa = XCBuildConfiguration;
			buildSettings = {
				ALWAYS_SEARCH_USER_PATHS = NO;
				CLANG_ANALYZER_NONNULL = YES;
				CLANG_ANALYZER_NUMBER_OBJECT_CONVERSION = YES_AGGRESSIVE;
				CLANG_CXX_LANGUAGE_STANDARD = "gnu++20";
				CLANG_ENABLE_MODULES = YES;
				CLANG_ENABLE_OBJC_ARC = YES;
				CLANG_ENABLE_OBJC_WEAK = YES;
				CLANG_WARN_BLOCK_CAPTURE_AUTORELEASING = YES;
				CLANG_WARN_BOOL_CONVERSION = YES;
				CLANG_WARN_COMMA = YES;
				CLANG_WARN_CONSTANT_CONVERSION = YES;
				CLANG_WARN_DEPRECATED_OBJC_IMPLEMENTATIONS = YES;
				CLANG_WARN_DIRECT_OBJC_ISA_USAGE = YES_ERROR;
				CLANG_WARN_DOCUMENTATION_COMMENTS = YES;
				CLANG_WARN_EMPTY_BODY = YES;
				CLANG_WARN_ENUM_CONVERSION = YES;
				CLANG_WARN_INFINITE_RECURSION = YES;
				CLANG_WARN_INT_CONVERSION = YES;
				CLANG_WARN_NON_LITERAL_NULL_CONVERSION = YES;
				CLANG_WARN_OBJC_IMPLICIT_RETAIN_SELF = YES;
				CLANG_WARN_OBJC_LITERAL_CONVERSION = YES;
				CLANG_WARN_OBJC_ROOT_CLASS = YES_ERROR;
				CLANG_WARN_QUOTED_INCLUDE_IN_FRAMEWORK_HEADER = YES;
				CLANG_WARN_RANGE_LOOP_ANALYSIS = YES;
				CLANG_WARN_STRICT_PROTOTYPES = YES;
				CLANG_WARN_SUSPICIOUS_MOVE = YES;
				CLANG_WARN_UNGUARDED_AVAILABILITY = YES_AGGRESSIVE;
				CLANG_WARN_UNREACHABLE_CODE = YES;
				CLANG_WARN__DUPLICATE_METHOD_MATCH = YES;
				COPY_PHASE_STRIP = NO;
				DEBUG_INFORMATION_FORMAT = dwarf;
				ENABLE_STRICT_OBJC_MSGSEND = YES;
				ENABLE_TESTABILITY = YES;
				GCC_C_LANGUAGE_STANDARD = gnu11;
				GCC_DYNAMIC_NO_PIC = NO;
				GCC_NO_COMMON_BLOCKS = YES;
				GCC_OPTIMIZATION_LEVEL = 0;
				GCC_PREPROCESSOR_DEFINITIONS = (
					"DEBUG=1",
					"$(inherited)",
				);
				GCC_WARN_64_TO_32_BIT_CONVERSION = YES;
				GCC_WARN_ABOUT_RETURN_TYPE = YES_ERROR;
				GCC_WARN_UNDECLARED_SELECTOR = YES;
				GCC_WARN_UNINITIALIZED_AUTOS = YES_AGGRESSIVE;
				GCC_WARN_UNUSED_FUNCTION = YES;
				GCC_WARN_UNUSED_VARIABLE = YES;
				IPHONEOS_DEPLOYMENT_TARGET = 16.0;
				MTL_ENABLE_DEBUG_INFO = INCLUDE_SOURCE;
				MTL_FAST_MATH = YES;
				ONLY_ACTIVE_ARCH = YES;
				SDKROOT = iphoneos;
				SWIFT_ACTIVE_COMPILATION_CONDITIONS = DEBUG;
				SWIFT_OPTIMIZATION_LEVEL = "-Onone";
			};
			name = Debug;
		};
		A0B2FC66291B101B00AF0DDB /* Release */ = {
			isa = XCBuildConfiguration;
			buildSettings = {
				ALWAYS_SEARCH_USER_PATHS = NO;
				CLANG_ANALYZER_NONNULL = YES;
				CLANG_ANALYZER_NUMBER_OBJECT_CONVERSION = YES_AGGRESSIVE;
				CLANG_CXX_LANGUAGE_STANDARD = "gnu++20";
				CLANG_ENABLE_MODULES = YES;
				CLANG_ENABLE_OBJC_ARC = YES;
				CLANG_ENABLE_OBJC_WEAK = YES;
				CLANG_WARN_BLOCK_CAPTURE_AUTORELEASING = YES;
				CLANG_WARN_BOOL_CONVERSION = YES;
				CLANG_WARN_COMMA = YES;
				CLANG_WARN_CONSTANT_CONVERSION = YES;
				CLANG_WARN_DEPRECATED_OBJC_IMPLEMENTATIONS = YES;
				CLANG_WARN_DIRECT_OBJC_ISA_USAGE = YES_ERROR;
				CLANG_WARN_DOCUMENTATION_COMMENTS = YES;
				CLANG_WARN_EMPTY_BODY = YES;
				CLANG_WARN_ENUM_CONVERSION = YES;
				CLANG_WARN_INFINITE_RECURSION = YES;
				CLANG_WARN_INT_CONVERSION = YES;
				CLANG_WARN_NON_LITERAL_NULL_CONVERSION = YES;
				CLANG_WARN_OBJC_IMPLICIT_RETAIN_SELF = YES;
				CLANG_WARN_OBJC_LITERAL_CONVERSION = YES;
				CLANG_WARN_OBJC_ROOT_CLASS = YES_ERROR;
				CLANG_WARN_QUOTED_INCLUDE_IN_FRAMEWORK_HEADER = YES;
				CLANG_WARN_RANGE_LOOP_ANALYSIS = YES;
				CLANG_WARN_STRICT_PROTOTYPES = YES;
				CLANG_WARN_SUSPICIOUS_MOVE = YES;
				CLANG_WARN_UNGUARDED_AVAILABILITY = YES_AGGRESSIVE;
				CLANG_WARN_UNREACHABLE_CODE = YES;
				CLANG_WARN__DUPLICATE_METHOD_MATCH = YES;
				COPY_PHASE_STRIP = NO;
				DEBUG_INFORMATION_FORMAT = "dwarf-with-dsym";
				ENABLE_NS_ASSERTIONS = NO;
				ENABLE_STRICT_OBJC_MSGSEND = YES;
				GCC_C_LANGUAGE_STANDARD = gnu11;
				GCC_NO_COMMON_BLOCKS = YES;
				GCC_WARN_64_TO_32_BIT_CONVERSION = YES;
				GCC_WARN_ABOUT_RETURN_TYPE = YES_ERROR;
				GCC_WARN_UNDECLARED_SELECTOR = YES;
				GCC_WARN_UNINITIALIZED_AUTOS = YES_AGGRESSIVE;
				GCC_WARN_UNUSED_FUNCTION = YES;
				GCC_WARN_UNUSED_VARIABLE = YES;
				IPHONEOS_DEPLOYMENT_TARGET = 16.0;
				MTL_ENABLE_DEBUG_INFO = NO;
				MTL_FAST_MATH = YES;
				SDKROOT = iphoneos;
				SWIFT_COMPILATION_MODE = wholemodule;
				SWIFT_OPTIMIZATION_LEVEL = "-O";
				VALIDATE_PRODUCT = YES;
			};
			name = Release;
		};
		A0B2FC68291B101B00AF0DDB /* Debug */ = {
			isa = XCBuildConfiguration;
			buildSettings = {
				ASSETCATALOG_COMPILER_APPICON_NAME = AppIcon;
				ASSETCATALOG_COMPILER_GLOBAL_ACCENT_COLOR_NAME = AccentColor;
				CODE_SIGN_STYLE = Automatic;
				CURRENT_PROJECT_VERSION = 1;
				DEVELOPMENT_ASSET_PATHS = "\"GeoCode/Preview Content\"";
				DEVELOPMENT_TEAM = 8974NPBSUQ;
				ENABLE_PREVIEWS = YES;
				GENERATE_INFOPLIST_FILE = YES;
				INFOPLIST_KEY_UIApplicationSceneManifest_Generation = YES;
				INFOPLIST_KEY_UIApplicationSupportsIndirectInputEvents = YES;
				INFOPLIST_KEY_UILaunchScreen_Generation = YES;
				INFOPLIST_KEY_UISupportedInterfaceOrientations_iPad = "UIInterfaceOrientationPortrait UIInterfaceOrientationPortraitUpsideDown UIInterfaceOrientationLandscapeLeft UIInterfaceOrientationLandscapeRight";
				INFOPLIST_KEY_UISupportedInterfaceOrientations_iPhone = "UIInterfaceOrientationPortrait UIInterfaceOrientationLandscapeLeft UIInterfaceOrientationLandscapeRight";
				LD_RUNPATH_SEARCH_PATHS = (
					"$(inherited)",
					"@executable_path/Frameworks",
				);
				MARKETING_VERSION = 1.0;
				PRODUCT_BUNDLE_IDENTIFIER = "spencer-rafada.GeoCode";
				PRODUCT_NAME = "$(TARGET_NAME)";
				SWIFT_EMIT_LOC_STRINGS = YES;
				SWIFT_VERSION = 5.0;
				TARGETED_DEVICE_FAMILY = "1,2";
			};
			name = Debug;
		};
		A0B2FC69291B101B00AF0DDB /* Release */ = {
			isa = XCBuildConfiguration;
			buildSettings = {
				ASSETCATALOG_COMPILER_APPICON_NAME = AppIcon;
				ASSETCATALOG_COMPILER_GLOBAL_ACCENT_COLOR_NAME = AccentColor;
				CODE_SIGN_STYLE = Automatic;
				CURRENT_PROJECT_VERSION = 1;
				DEVELOPMENT_ASSET_PATHS = "\"GeoCode/Preview Content\"";
				DEVELOPMENT_TEAM = 8974NPBSUQ;
				ENABLE_PREVIEWS = YES;
				GENERATE_INFOPLIST_FILE = YES;
				INFOPLIST_KEY_UIApplicationSceneManifest_Generation = YES;
				INFOPLIST_KEY_UIApplicationSupportsIndirectInputEvents = YES;
				INFOPLIST_KEY_UILaunchScreen_Generation = YES;
				INFOPLIST_KEY_UISupportedInterfaceOrientations_iPad = "UIInterfaceOrientationPortrait UIInterfaceOrientationPortraitUpsideDown UIInterfaceOrientationLandscapeLeft UIInterfaceOrientationLandscapeRight";
				INFOPLIST_KEY_UISupportedInterfaceOrientations_iPhone = "UIInterfaceOrientationPortrait UIInterfaceOrientationLandscapeLeft UIInterfaceOrientationLandscapeRight";
				LD_RUNPATH_SEARCH_PATHS = (
					"$(inherited)",
					"@executable_path/Frameworks",
				);
				MARKETING_VERSION = 1.0;
				PRODUCT_BUNDLE_IDENTIFIER = "spencer-rafada.GeoCode";
				PRODUCT_NAME = "$(TARGET_NAME)";
				SWIFT_EMIT_LOC_STRINGS = YES;
				SWIFT_VERSION = 5.0;
				TARGETED_DEVICE_FAMILY = "1,2";
			};
			name = Release;
		};
/* End XCBuildConfiguration section */

/* Begin XCConfigurationList section */
		A0B2FC54291B101900AF0DDB /* Build configuration list for PBXProject "GeoCode" */ = {
			isa = XCConfigurationList;
			buildConfigurations = (
				A0B2FC65291B101B00AF0DDB /* Debug */,
				A0B2FC66291B101B00AF0DDB /* Release */,
			);
			defaultConfigurationIsVisible = 0;
			defaultConfigurationName = Release;
		};
		A0B2FC67291B101B00AF0DDB /* Build configuration list for PBXNativeTarget "GeoCode" */ = {
			isa = XCConfigurationList;
			buildConfigurations = (
				A0B2FC68291B101B00AF0DDB /* Debug */,
				A0B2FC69291B101B00AF0DDB /* Release */,
			);
			defaultConfigurationIsVisible = 0;
			defaultConfigurationName = Release;
		};
/* End XCConfigurationList section */
	};
	rootObject = A0B2FC51291B101900AF0DDB /* Project object */;
}
